
Microsoft Visual Studio Solution File, Format Version 11.00
# Visual Studio 2012
Project("{8BC9CEB8-8B4A-11D0-8D11-00A0C91BC942}") = "SimRobot", "SimRobot.vcxproj", "{7C9EA24B-E4D2-ED5C-1C38-581555B1099C}"
EndProject
Project("{8BC9CEB8-8B4A-11D0-8D11-00A0C91BC942}") = "SimRobotCore2", "SimRobotCore2.vcxproj", "{06414987-063D-6DDB-231F-65A928130EA6}"
EndProject
Project("{8BC9CEB8-8B4A-11D0-8D11-00A0C91BC942}") = "SimRobotEditor", "SimRobotEditor.vcxproj", "{F1F89685-3360-6355-3726-11909FAD1AB4}"
EndProject
Project("{8BC9CEB8-8B4A-11D0-8D11-00A0C91BC942}") = "SimRobotHelp", "SimRobotHelp.vcxproj", "{A9B37A8C-C7D9-EF99-D367-9F24BFBD6295}"
EndProject
Project("{8BC9CEB8-8B4A-11D0-8D11-00A0C91BC942}") = "qtpropertybrowser", "qtpropertybrowser.vcxproj", "{52845791-52E8-2928-E6A0-2150C24F416F}"
EndProject
Project("{8BC9CEB8-8B4A-11D0-8D11-00A0C91BC942}") = "libqxt", "libqxt.vcxproj", "{C7C37A1E-0554-5616-AB28-3E5DA67BE570}"
EndProject
Project("{8BC9CEB8-8B4A-11D0-8D11-00A0C91BC942}") = "Controller", "Controller.vcxproj", "{6CA93CAF-FA50-8F4E-ABF1-8585D3710D0F}"
EndProject
Project("{8BC9CEB8-8B4A-11D0-8D11-00A0C91BC942}") = "SimulatedNao", "SimulatedNao.vcxproj", "{BEC03806-D677-F901-F352-6443D791F775}"
EndProject
Project("{8BC9CEB8-8B4A-11D0-8D11-00A0C91BC942}") = "libbhuman", "libbhuman.vcxproj", "{77FE05C3-0B4F-6AD8-ABDD-D35D30222732}"
EndProject
Project("{8BC9CEB8-8B4A-11D0-8D11-00A0C91BC942}") = "libgamectrl", "libgamectrl.vcxproj", "{35B5A378-F1B2-C321-C837-54ED38DD06F4}"
EndProject
Project("{8BC9CEB8-8B4A-11D0-8D11-00A0C91BC942}") = "Nao", "Nao.vcxproj", "{44A6445D-FA43-9558-455D-1FF1E3B5BFA5}"
EndProject
Project("{8BC9CEB8-8B4A-11D0-8D11-00A0C91BC942}") = "URC", "URC.vcxproj", "{099C5F85-41DE-E6C6-B338-5CD704A0BD58}"
EndProject
Project("{8BC9CEB8-8B4A-11D0-8D11-00A0C91BC942}") = "bush", "bush.vcxproj", "{BD8285AE-52A5-79F0-7895-E3659B76EFD8}"
EndProject
Project("{8BC9CEB8-8B4A-11D0-8D11-00A0C91BC942}") = "copyfiles", "copyfiles.vcxproj", "{DB34F5EC-958C-742E-26FF-A0F22FB35BE6}"
EndProject
Project("{8BC9CEB8-8B4A-11D0-8D11-00A0C91BC942}") = "SpecialActions", "SpecialActions.vcxproj", "{E8666CBA-9F66-5D6A-F722-62E933715CF6}"
EndProject
Project("{2150E333-8FDC-42A3-9474-1A3956D46DE8}") = "Libs", "Libs", "{D12171A9-6008-3473-984B-35B1CA3E5D94}"
EndProject
Project("{2150E333-8FDC-42A3-9474-1A3956D46DE8}") = "Utils", "Utils", "{A470A233-26B3-831D-D974-DFC1116119C2}"
EndProject
Project("{2150E333-8FDC-42A3-9474-1A3956D46DE8}") = "Tools", "Tools", "{8625E1DE-7BE1-4C39-B1D1-4DC03D822497}"
EndProject
Global
	GlobalSection(SolutionConfigurationPlatforms) = preSolution
		Develop|Win32 = Develop|Win32
		Debug|Win32 = Debug|Win32
		Release|Win32 = Release|Win32
	EndGlobalSection
	GlobalSection(ProjectConfigurationPlatforms) = postSolution
		{7C9EA24B-E4D2-ED5C-1C38-581555B1099C}.Develop|Win32.ActiveCfg = Develop|Win32
		{7C9EA24B-E4D2-ED5C-1C38-581555B1099C}.Develop|Win32.Build.0 = Develop|Win32
		{7C9EA24B-E4D2-ED5C-1C38-581555B1099C}.Debug|Win32.ActiveCfg = Debug|Win32
		{7C9EA24B-E4D2-ED5C-1C38-581555B1099C}.Debug|Win32.Build.0 = Debug|Win32
		{7C9EA24B-E4D2-ED5C-1C38-581555B1099C}.Release|Win32.ActiveCfg = Release|Win32
		{7C9EA24B-E4D2-ED5C-1C38-581555B1099C}.Release|Win32.Build.0 = Release|Win32
		{06414987-063D-6DDB-231F-65A928130EA6}.Develop|Win32.ActiveCfg = Develop|Win32
		{06414987-063D-6DDB-231F-65A928130EA6}.Develop|Win32.Build.0 = Develop|Win32
		{06414987-063D-6DDB-231F-65A928130EA6}.Debug|Win32.ActiveCfg = Debug|Win32
		{06414987-063D-6DDB-231F-65A928130EA6}.Debug|Win32.Build.0 = Debug|Win32
		{06414987-063D-6DDB-231F-65A928130EA6}.Release|Win32.ActiveCfg = Release|Win32
		{06414987-063D-6DDB-231F-65A928130EA6}.Release|Win32.Build.0 = Release|Win32
		{F1F89685-3360-6355-3726-11909FAD1AB4}.Develop|Win32.ActiveCfg = Develop|Win32
		{F1F89685-3360-6355-3726-11909FAD1AB4}.Develop|Win32.Build.0 = Develop|Win32
		{F1F89685-3360-6355-3726-11909FAD1AB4}.Debug|Win32.ActiveCfg = Debug|Win32
		{F1F89685-3360-6355-3726-11909FAD1AB4}.Debug|Win32.Build.0 = Debug|Win32
		{F1F89685-3360-6355-3726-11909FAD1AB4}.Release|Win32.ActiveCfg = Release|Win32
		{F1F89685-3360-6355-3726-11909FAD1AB4}.Release|Win32.Build.0 = Release|Win32
		{A9B37A8C-C7D9-EF99-D367-9F24BFBD6295}.Develop|Win32.ActiveCfg = Develop|Win32
		{A9B37A8C-C7D9-EF99-D367-9F24BFBD6295}.Develop|Win32.Build.0 = Develop|Win32
		{A9B37A8C-C7D9-EF99-D367-9F24BFBD6295}.Debug|Win32.ActiveCfg = Debug|Win32
		{A9B37A8C-C7D9-EF99-D367-9F24BFBD6295}.Debug|Win32.Build.0 = Debug|Win32
		{A9B37A8C-C7D9-EF99-D367-9F24BFBD6295}.Release|Win32.ActiveCfg = Release|Win32
		{A9B37A8C-C7D9-EF99-D367-9F24BFBD6295}.Release|Win32.Build.0 = Release|Win32
		{52845791-52E8-2928-E6A0-2150C24F416F}.Develop|Win32.ActiveCfg = Develop|Win32
		{52845791-52E8-2928-E6A0-2150C24F416F}.Develop|Win32.Build.0 = Develop|Win32
		{52845791-52E8-2928-E6A0-2150C24F416F}.Debug|Win32.ActiveCfg = Debug|Win32
		{52845791-52E8-2928-E6A0-2150C24F416F}.Debug|Win32.Build.0 = Debug|Win32
		{52845791-52E8-2928-E6A0-2150C24F416F}.Release|Win32.ActiveCfg = Release|Win32
		{52845791-52E8-2928-E6A0-2150C24F416F}.Release|Win32.Build.0 = Release|Win32
		{C7C37A1E-0554-5616-AB28-3E5DA67BE570}.Develop|Win32.ActiveCfg = Develop|Win32
		{C7C37A1E-0554-5616-AB28-3E5DA67BE570}.Develop|Win32.Build.0 = Develop|Win32
		{C7C37A1E-0554-5616-AB28-3E5DA67BE570}.Debug|Win32.ActiveCfg = Debug|Win32
		{C7C37A1E-0554-5616-AB28-3E5DA67BE570}.Debug|Win32.Build.0 = Debug|Win32
		{C7C37A1E-0554-5616-AB28-3E5DA67BE570}.Release|Win32.ActiveCfg = Release|Win32
		{C7C37A1E-0554-5616-AB28-3E5DA67BE570}.Release|Win32.Build.0 = Release|Win32
		{6CA93CAF-FA50-8F4E-ABF1-8585D3710D0F}.Develop|Win32.ActiveCfg = Develop|Win32
		{6CA93CAF-FA50-8F4E-ABF1-8585D3710D0F}.Develop|Win32.Build.0 = Develop|Win32
		{6CA93CAF-FA50-8F4E-ABF1-8585D3710D0F}.Debug|Win32.ActiveCfg = Debug|Win32
		{6CA93CAF-FA50-8F4E-ABF1-8585D3710D0F}.Debug|Win32.Build.0 = Debug|Win32
		{6CA93CAF-FA50-8F4E-ABF1-8585D3710D0F}.Release|Win32.ActiveCfg = Release|Win32
		{6CA93CAF-FA50-8F4E-ABF1-8585D3710D0F}.Release|Win32.Build.0 = Release|Win32
		{BEC03806-D677-F901-F352-6443D791F775}.Develop|Win32.ActiveCfg = Develop|Win32
		{BEC03806-D677-F901-F352-6443D791F775}.Develop|Win32.Build.0 = Develop|Win32
		{BEC03806-D677-F901-F352-6443D791F775}.Debug|Win32.ActiveCfg = Debug|Win32
		{BEC03806-D677-F901-F352-6443D791F775}.Debug|Win32.Build.0 = Debug|Win32
		{BEC03806-D677-F901-F352-6443D791F775}.Release|Win32.ActiveCfg = Release|Win32
		{BEC03806-D677-F901-F352-6443D791F775}.Release|Win32.Build.0 = Release|Win32
		{77FE05C3-0B4F-6AD8-ABDD-D35D30222732}.Develop|Win32.ActiveCfg = Develop|Win32
		{77FE05C3-0B4F-6AD8-ABDD-D35D30222732}.Develop|Win32.Build.0 = Develop|Win32
		{77FE05C3-0B4F-6AD8-ABDD-D35D30222732}.Debug|Win32.ActiveCfg = Debug|Win32
		{77FE05C3-0B4F-6AD8-ABDD-D35D30222732}.Debug|Win32.Build.0 = Debug|Win32
		{77FE05C3-0B4F-6AD8-ABDD-D35D30222732}.Release|Win32.ActiveCfg = Release|Win32
		{77FE05C3-0B4F-6AD8-ABDD-D35D30222732}.Release|Win32.Build.0 = Release|Win32
		{35B5A378-F1B2-C321-C837-54ED38DD06F4}.Develop|Win32.ActiveCfg = Develop|Win32
		{35B5A378-F1B2-C321-C837-54ED38DD06F4}.Develop|Win32.Build.0 = Develop|Win32
		{35B5A378-F1B2-C321-C837-54ED38DD06F4}.Debug|Win32.ActiveCfg = Debug|Win32
		{35B5A378-F1B2-C321-C837-54ED38DD06F4}.Debug|Win32.Build.0 = Debug|Win32
		{35B5A378-F1B2-C321-C837-54ED38DD06F4}.Release|Win32.ActiveCfg = Release|Win32
		{35B5A378-F1B2-C321-C837-54ED38DD06F4}.Release|Win32.Build.0 = Release|Win32
		{44A6445D-FA43-9558-455D-1FF1E3B5BFA5}.Develop|Win32.ActiveCfg = Develop|Win32
		{44A6445D-FA43-9558-455D-1FF1E3B5BFA5}.Develop|Win32.Build.0 = Develop|Win32
		{44A6445D-FA43-9558-455D-1FF1E3B5BFA5}.Debug|Win32.ActiveCfg = Debug|Win32
		{44A6445D-FA43-9558-455D-1FF1E3B5BFA5}.Debug|Win32.Build.0 = Debug|Win32
		{44A6445D-FA43-9558-455D-1FF1E3B5BFA5}.Release|Win32.ActiveCfg = Release|Win32
		{44A6445D-FA43-9558-455D-1FF1E3B5BFA5}.Release|Win32.Build.0 = Release|Win32
		{099C5F85-41DE-E6C6-B338-5CD704A0BD58}.Develop|Win32.ActiveCfg = Develop|Win32
		{099C5F85-41DE-E6C6-B338-5CD704A0BD58}.Develop|Win32.Build.0 = Develop|Win32
		{099C5F85-41DE-E6C6-B338-5CD704A0BD58}.Debug|Win32.ActiveCfg = Debug|Win32
		{099C5F85-41DE-E6C6-B338-5CD704A0BD58}.Debug|Win32.Build.0 = Debug|Win32
		{099C5F85-41DE-E6C6-B338-5CD704A0BD58}.Release|Win32.ActiveCfg = Release|Win32
		{099C5F85-41DE-E6C6-B338-5CD704A0BD58}.Release|Win32.Build.0 = Release|Win32
		{BD8285AE-52A5-79F0-7895-E3659B76EFD8}.Develop|Win32.ActiveCfg = Develop|Win32
		{BD8285AE-52A5-79F0-7895-E3659B76EFD8}.Develop|Win32.Build.0 = Develop|Win32
		{BD8285AE-52A5-79F0-7895-E3659B76EFD8}.Debug|Win32.ActiveCfg = Debug|Win32
		{BD8285AE-52A5-79F0-7895-E3659B76EFD8}.Debug|Win32.Build.0 = Debug|Win32
		{BD8285AE-52A5-79F0-7895-E3659B76EFD8}.Release|Win32.ActiveCfg = Release|Win32
		{BD8285AE-52A5-79F0-7895-E3659B76EFD8}.Release|Win32.Build.0 = Release|Win32
		{DB34F5EC-958C-742E-26FF-A0F22FB35BE6}.Develop|Win32.ActiveCfg = Develop|Win32
		{DB34F5EC-958C-742E-26FF-A0F22FB35BE6}.Debug|Win32.ActiveCfg = Debug|Win32
		{DB34F5EC-958C-742E-26FF-A0F22FB35BE6}.Release|Win32.ActiveCfg = Release|Win32
		{E8666CBA-9F66-5D6A-F722-62E933715CF6}.Develop|Win32.ActiveCfg = Develop|Win32
		{E8666CBA-9F66-5D6A-F722-62E933715CF6}.Develop|Win32.Build.0 = Develop|Win32
		{E8666CBA-9F66-5D6A-F722-62E933715CF6}.Debug|Win32.ActiveCfg = Debug|Win32
		{E8666CBA-9F66-5D6A-F722-62E933715CF6}.Debug|Win32.Build.0 = Debug|Win32
		{E8666CBA-9F66-5D6A-F722-62E933715CF6}.Release|Win32.ActiveCfg = Release|Win32
		{E8666CBA-9F66-5D6A-F722-62E933715CF6}.Release|Win32.Build.0 = Release|Win32
	EndGlobalSection
	GlobalSection(SolutionProperties) = preSolution
		HideSolutionNode = FALSE
	EndGlobalSection
	GlobalSection(NestedProjects) = preSolution
		{06414987-063D-6DDB-231F-65A928130EA6} = {D12171A9-6008-3473-984B-35B1CA3E5D94}
		{F1F89685-3360-6355-3726-11909FAD1AB4} = {D12171A9-6008-3473-984B-35B1CA3E5D94}
		{A9B37A8C-C7D9-EF99-D367-9F24BFBD6295} = {D12171A9-6008-3473-984B-35B1CA3E5D94}
		{52845791-52E8-2928-E6A0-2150C24F416F} = {D12171A9-6008-3473-984B-35B1CA3E5D94}
		{C7C37A1E-0554-5616-AB28-3E5DA67BE570} = {D12171A9-6008-3473-984B-35B1CA3E5D94}
		{6CA93CAF-FA50-8F4E-ABF1-8585D3710D0F} = {D12171A9-6008-3473-984B-35B1CA3E5D94}
		{77FE05C3-0B4F-6AD8-ABDD-D35D30222732} = {D12171A9-6008-3473-984B-35B1CA3E5D94}
		{35B5A378-F1B2-C321-C837-54ED38DD06F4} = {D12171A9-6008-3473-984B-35B1CA3E5D94}
		{099C5F85-41DE-E6C6-B338-5CD704A0BD58} = {A470A233-26B3-831D-D974-DFC1116119C2}
		{BD8285AE-52A5-79F0-7895-E3659B76EFD8} = {A470A233-26B3-831D-D974-DFC1116119C2}
		{DB34F5EC-958C-742E-26FF-A0F22FB35BE6} = {8625E1DE-7BE1-4C39-B1D1-4DC03D822497}
	EndGlobalSection
EndGlobal
