<?xml version="1.0" encoding="utf-8"?>
<Project ToolsVersion="4.0" xmlns="http://schemas.microsoft.com/developer/msbuild/2003">
  <ItemGroup>
    <Filter Include=".copy">
      <UniqueIdentifier>{AD269A76-186A-33DE-C895-9E96D65A2CF7}</UniqueIdentifier>
    </Filter>
    <Filter Include=".Qt">
      <UniqueIdentifier>{26983797-AD25-9CBF-C563-C317038CED7C}</UniqueIdentifier>
    </Filter>
    <Filter Include="Icons">
      <UniqueIdentifier>{8F679730-0715-8337-3465-84551B093BE8}</UniqueIdentifier>
    </Filter>
  </ItemGroup>
  <ItemGroup>
    <ClCompile Include="..\..\Util\SimRobot\Src\SimRobot\Main.cpp" />
    <ClCompile Include="..\..\Util\SimRobot\Src\SimRobot\MainWindow.cpp" />
    <ClCompile Include="..\..\Util\SimRobot\Src\SimRobot\qtdotnetstyle.cpp" />
    <ClCompile Include="..\..\Util\SimRobot\Src\SimRobot\RegisteredDockWidget.cpp" />
    <ClCompile Include="..\..\Util\SimRobot\Src\SimRobot\SceneGraphDockWidget.cpp" />
    <ClCompile Include="..\..\Util\SimRobot\Src\SimRobot\StatusBar.cpp" />
    <ClInclude Include="..\..\Util\SimRobot\Src\SimRobot\MacFullscreen.h" />
    <CustomBuild Include="..\..\Util\SimRobot\Src\SimRobot\MainWindow.h" />
    <ClInclude Include="..\..\Util\SimRobot\Src\SimRobot\qtdotnetstyle.h" />
    <CustomBuild Include="..\..\Util\SimRobot\Src\SimRobot\RegisteredDockWidget.h" />
    <ClInclude Include="..\..\Util\SimRobot\Src\SimRobot\resource.h" />
    <CustomBuild Include="..\..\Util\SimRobot\Src\SimRobot\SceneGraphDockWidget.h" />
    <ClInclude Include="..\..\Util\SimRobot\Src\SimRobot\SimRobot.h" />
    <CustomBuild Include="..\..\Util\SimRobot\Src\SimRobot\StatusBar.h" />
    <CustomBuild Include="..\..\Build\SimRobotHelp\Win32\Develop\help.qch">
      <Filter>.copy</Filter>
    </CustomBuild>
    <CustomBuild Include="..\..\Build\SimRobotHelp\Win32\Develop\helpcollection.qhc">
      <Filter>.copy</Filter>
    </CustomBuild>
    <ResourceCompile Include="..\..\Util\SimRobot\Src\SimRobot\SimRobot.rc" />
    <CustomBuild Include="..\..\Build\SimRobotCore2\Win32\Develop\SimRobotCore2.dll">
      <Filter>.copy</Filter>
    </CustomBuild>
    <CustomBuild Include="..\..\Build\SimRobotEditor\Win32\Develop\SimRobotEditor.dll">
      <Filter>.copy</Filter>
    </CustomBuild>
    <CustomBuild Include="..\..\Build\SimRobotHelp\Win32\Develop\SimRobotHelp.dll">
      <Filter>.copy</Filter>
    </CustomBuild>
    <CustomBuild Include="..\..\Build\SimulatedNao\Win32\Develop\SimulatedNao.dll">
      <Filter>.copy</Filter>
    </CustomBuild>
    <CustomBuild Include="..\..\Util\SimRobot\Util\qt\Win32\bin\QtCore4.dll">
      <Filter>.copy</Filter>
    </CustomBuild>
    <CustomBuild Include="..\..\Util\SimRobot\Util\qt\Win32\bin\QtGui4.dll">
      <Filter>.copy</Filter>
    </CustomBuild>
    <CustomBuild Include="..\..\Util\SimRobot\Util\qt\Win32\bin\QtSvg4.dll">
      <Filter>.copy</Filter>
    </CustomBuild>
    <CustomBuild Include="..\..\Util\SimRobot\Util\qt\Win32\bin\QtOpenGL4.dll">
      <Filter>.copy</Filter>
    </CustomBuild>
    <CustomBuild Include="..\..\Util\SimRobot\Util\libxml2\Win32\bin\libxml2.dll">
      <Filter>.copy</Filter>
    </CustomBuild>
    <CustomBuild Include="..\..\Util\SimRobot\Util\glew\Win32\bin\glew32.dll">
      <Filter>.copy</Filter>
    </CustomBuild>
    <CustomBuild Include="..\..\Util\SimRobot\Util\qt\Win32\bin\QtCLucene4.dll">
      <Filter>.copy</Filter>
    </CustomBuild>
    <CustomBuild Include="..\..\Util\SimRobot\Util\qt\Win32\bin\QtHelp4.dll">
      <Filter>.copy</Filter>
    </CustomBuild>
    <CustomBuild Include="..\..\Util\SimRobot\Util\qt\Win32\bin\QtNetwork4.dll">
      <Filter>.copy</Filter>
    </CustomBuild>
    <CustomBuild Include="..\..\Util\SimRobot\Util\qt\Win32\bin\QtSql4.dll">
      <Filter>.copy</Filter>
    </CustomBuild>
    <CustomBuild Include="..\..\Util\SimRobot\Util\qt\Win32\bin\QtXml4.dll">
      <Filter>.copy</Filter>
    </CustomBuild>
    <CustomBuild Include="..\..\Util\SimRobot\Util\qt\Win32\bin\sqldrivers\qsqlite4.dll">
      <Filter>.copy</Filter>
    </CustomBuild>
    <CustomBuild Include="..\..\Util\SimRobot\Src\SimRobot\SimRobot.qrc" />
    <ClCompile Include="..\..\Build\SimRobot\Win32\Develop\qrc_SimRobot.cpp">
      <Filter>.Qt</Filter>
    </ClCompile>
    <None Include="..\..\Util\SimRobot\Src\SimRobot\Icons\application_side_tree.png">
      <Filter>Icons</Filter>
    </None>
    <None Include="..\..\Util\SimRobot\Src\SimRobot\Icons\arrow_redo.png">
      <Filter>Icons</Filter>
    </None>
    <None Include="..\..\Util\SimRobot\Src\SimRobot\Icons\arrow_undo.png">
      <Filter>Icons</Filter>
    </None>
    <None Include="..\..\Util\SimRobot\Src\SimRobot\Icons\control_play_blue.png">
      <Filter>Icons</Filter>
    </None>
    <None Include="..\..\Util\SimRobot\Src\SimRobot\Icons\control_start_blue.png">
      <Filter>Icons</Filter>
    </None>
    <None Include="..\..\Util\SimRobot\Src\SimRobot\Icons\control_step_blue.png">
      <Filter>Icons</Filter>
    </None>
    <None Include="..\..\Util\SimRobot\Src\SimRobot\Icons\cut.png">
      <Filter>Icons</Filter>
    </None>
    <None Include="..\..\Util\SimRobot\Src\SimRobot\Icons\disk.png">
      <Filter>Icons</Filter>
    </None>
    <None Include="..\..\Util\SimRobot\Src\SimRobot\Icons\folder.png">
      <Filter>Icons</Filter>
    </None>
    <None Include="..\..\Util\SimRobot\Src\SimRobot\Icons\folder_page.png">
      <Filter>Icons</Filter>
    </None>
    <None Include="..\..\Util\SimRobot\Src\SimRobot\Icons\page_copy.png">
      <Filter>Icons</Filter>
    </None>
    <None Include="..\..\Util\SimRobot\Src\SimRobot\Icons\page_paste.png">
      <Filter>Icons</Filter>
    </None>
    <None Include="..\..\Util\SimRobot\Src\SimRobot\Icons\SimRobot.png">
      <Filter>Icons</Filter>
    </None>
    <None Include="..\..\Util\SimRobot\Src\SimRobot\Icons\tag_green.png">
      <Filter>Icons</Filter>
    </None>
    <None Include="..\..\Util\SimRobot\Src\SimRobot\Icons\textfield.png">
      <Filter>Icons</Filter>
    </None>
    <ClCompile Include="..\..\Build\SimRobot\Win32\Develop\moc_MainWindow.cpp">
      <Filter>.Qt</Filter>
    </ClCompile>
    <ClCompile Include="..\..\Build\SimRobot\Win32\Develop\moc_RegisteredDockWidget.cpp">
      <Filter>.Qt</Filter>
    </ClCompile>
    <ClCompile Include="..\..\Build\SimRobot\Win32\Develop\moc_SceneGraphDockWidget.cpp">
      <Filter>.Qt</Filter>
    </ClCompile>
    <ClCompile Include="..\..\Build\SimRobot\Win32\Develop\moc_StatusBar.cpp">
      <Filter>.Qt</Filter>
    </ClCompile>
    <CustomBuild Include="..\..\Build\SimRobotHelp\Win32\Debug\help.qch">
      <Filter>.copy</Filter>
    </CustomBuild>
    <CustomBuild Include="..\..\Build\SimRobotHelp\Win32\Debug\helpcollection.qhc">
      <Filter>.copy</Filter>
    </CustomBuild>
    <CustomBuild Include="..\..\Build\SimRobotCore2\Win32\Debug\SimRobotCore2.dll">
      <Filter>.copy</Filter>
    </CustomBuild>
    <CustomBuild Include="..\..\Build\SimRobotEditor\Win32\Debug\SimRobotEditor.dll">
      <Filter>.copy</Filter>
    </CustomBuild>
    <CustomBuild Include="..\..\Build\SimRobotHelp\Win32\Debug\SimRobotHelp.dll">
      <Filter>.copy</Filter>
    </CustomBuild>
    <CustomBuild Include="..\..\Build\SimulatedNao\Win32\Debug\SimulatedNao.dll">
      <Filter>.copy</Filter>
    </CustomBuild>
    <ClCompile Include="..\..\Build\SimRobot\Win32\Debug\qrc_SimRobot.cpp">
      <Filter>.Qt</Filter>
    </ClCompile>
    <ClCompile Include="..\..\Build\SimRobot\Win32\Debug\moc_MainWindow.cpp">
      <Filter>.Qt</Filter>
    </ClCompile>
    <ClCompile Include="..\..\Build\SimRobot\Win32\Debug\moc_RegisteredDockWidget.cpp">
      <Filter>.Qt</Filter>
    </ClCompile>
    <ClCompile Include="..\..\Build\SimRobot\Win32\Debug\moc_SceneGraphDockWidget.cpp">
      <Filter>.Qt</Filter>
    </ClCompile>
    <ClCompile Include="..\..\Build\SimRobot\Win32\Debug\moc_StatusBar.cpp">
      <Filter>.Qt</Filter>
    </ClCompile>
    <CustomBuild Include="..\..\Build\SimRobotHelp\Win32\Release\help.qch">
      <Filter>.copy</Filter>
    </CustomBuild>
    <CustomBuild Include="..\..\Build\SimRobotHelp\Win32\Release\helpcollection.qhc">
      <Filter>.copy</Filter>
    </CustomBuild>
    <CustomBuild Include="..\..\Build\SimRobotCore2\Win32\Release\SimRobotCore2.dll">
      <Filter>.copy</Filter>
    </CustomBuild>
    <CustomBuild Include="..\..\Build\SimRobotEditor\Win32\Release\SimRobotEditor.dll">
      <Filter>.copy</Filter>
    </CustomBuild>
    <CustomBuild Include="..\..\Build\SimRobotHelp\Win32\Release\SimRobotHelp.dll">
      <Filter>.copy</Filter>
    </CustomBuild>
    <CustomBuild Include="..\..\Build\SimulatedNao\Win32\Release\SimulatedNao.dll">
      <Filter>.copy</Filter>
    </CustomBuild>
    <ClCompile Include="..\..\Build\SimRobot\Win32\Release\qrc_SimRobot.cpp">
      <Filter>.Qt</Filter>
    </ClCompile>
    <ClCompile Include="..\..\Build\SimRobot\Win32\Release\moc_MainWindow.cpp">
      <Filter>.Qt</Filter>
    </ClCompile>
    <ClCompile Include="..\..\Build\SimRobot\Win32\Release\moc_RegisteredDockWidget.cpp">
      <Filter>.Qt</Filter>
    </ClCompile>
    <ClCompile Include="..\..\Build\SimRobot\Win32\Release\moc_SceneGraphDockWidget.cpp">
      <Filter>.Qt</Filter>
    </ClCompile>
    <ClCompile Include="..\..\Build\SimRobot\Win32\Release\moc_StatusBar.cpp">
      <Filter>.Qt</Filter>
    </ClCompile>
  </ItemGroup>
</Project>